PODS:
  - Flutter (1.0.0)
  - tangem_sdk (0.8.0):
    - Flutter
    - TangemSdk (~> 3.10.0)
  - TangemSdk (3.10.0)

DEPENDENCIES:
  - Flutter (from `Flutter`)
  - tangem_sdk (from `.symlinks/plugins/tangem_sdk/ios`)

SPEC REPOS:
  trunk:
    - TangemSdk

EXTERNAL SOURCES:
  Flutter:
    :path: Flutter
  tangem_sdk:
    :path: ".symlinks/plugins/tangem_sdk/ios"

SPEC CHECKSUMS:
  Flutter: cabc95a1d2626b1b06e7179b784ebcf0c0cde467
  tangem_sdk: 61546d2d621960205fa8b7f85a64ab6c997fa1eb
  TangemSdk: 4a188873f9dbed6340cca9ad6a010240af6df432

PODFILE CHECKSUM: 7423b152405195a3e9efe186877a370ded170255

COCOAPODS: 1.16.2
